
Microsoft Visual Studio Solution File, Format Version 12.00
Project("{FAE04EC0-301F-11D3-BF4B-00C04F79EFBC}") = "Notebook", "Notebook\Notebook.csproj", "{30CF5539-D4A8-40CE-BDDA-AF0C4923EE2A}"
EndProject
Global
	GlobalSection(SolutionConfigurationPlatforms) = preSolution
		Debug|Any CPU = Debug|Any CPU
		Release|Any CPU = Release|Any CPU
	EndGlobalSection
	GlobalSection(ProjectConfigurationPlatforms) = postSolution
		{30CF5539-D4A8-40CE-BDDA-AF0C4923EE2A}.Debug|Any CPU.ActiveCfg = Debug|Any CPU
		{30CF5539-D4A8-40CE-BDDA-AF0C4923EE2A}.Debug|Any CPU.Build.0 = Debug|Any CPU
		{30CF5539-D4A8-40CE-BDDA-AF0C4923EE2A}.Release|Any CPU.ActiveCfg = Release|Any CPU
		{30CF5539-D4A8-40CE-BDDA-AF0C4923EE2A}.Release|Any CPU.Build.0 = Release|Any CPU
	EndGlobalSection
EndGlobal
